
Microsoft Visual Studio Solution File, Format Version 12.00
# Visual Studio Version 16
VisualStudioVersion = 16.0.29926.136
MinimumVisualStudioVersion = 10.0.40219.1
Project("{9A19103F-16F7-4668-BE54-9A1E7A4F7556}") = "DesignPattern", "DesignPattern\DesignPattern.csproj", "{8FA4DAA2-6CE5-4E1F-93E4-9A5068308212}"
EndProject
Project("{9A19103F-16F7-4668-BE54-9A1E7A4F7556}") = "DesignPatter2", "DesignPatter2\DesignPatter2.csproj", "{33292CF3-D5BF-442D-96F8-CC7C661B519E}"
EndProject
Project("{9A19103F-16F7-4668-BE54-9A1E7A4F7556}") = "DesignPattern3", "DesignPattern3\DesignPattern3.csproj", "{8112F489-3F00-45C7-BBF5-FD692F2880FD}"
EndProject
Project("{9A19103F-16F7-4668-BE54-9A1E7A4F7556}") = "DesignPattern4", "DesignPattern4\DesignPattern4.csproj", "{4326860B-373B-4630-BD07-8AF85DF16CA0}"
EndProject
Project("{9A19103F-16F7-4668-BE54-9A1E7A4F7556}") = "DesignPattern5", "DesignPattern5\DesignPattern5.csproj", "{05FA1C81-A14A-4441-BE2E-CF27B14974BB}"
EndProject
Project("{FAE04EC0-301F-11D3-BF4B-00C04F79EFBC}") = "DesingPattern6", "DesingPattern\DesingPattern6.csproj", "{EA62257D-DC33-4E4A-B34E-06E2695A9381}"
EndProject
Project("{8BC9CEB8-8B4A-11D0-8D11-00A0C91BC942}") = "ConsoleApplication1", "ConsoleApplication1\ConsoleApplication1.vcxproj", "{D5D0A279-5390-49BC-B3EB-10C3F006E3A0}"
EndProject
Global
	GlobalSection(SolutionConfigurationPlatforms) = preSolution
		Debug|Any CPU = Debug|Any CPU
		Debug|x64 = Debug|x64
		Debug|x86 = Debug|x86
		Release|Any CPU = Release|Any CPU
		Release|x64 = Release|x64
		Release|x86 = Release|x86
	EndGlobalSection
	GlobalSection(ProjectConfigurationPlatforms) = postSolution
		{8FA4DAA2-6CE5-4E1F-93E4-9A5068308212}.Debug|Any CPU.ActiveCfg = Debug|Any CPU
		{8FA4DAA2-6CE5-4E1F-93E4-9A5068308212}.Debug|Any CPU.Build.0 = Debug|Any CPU
		{8FA4DAA2-6CE5-4E1F-93E4-9A5068308212}.Debug|x64.ActiveCfg = Debug|Any CPU
		{8FA4DAA2-6CE5-4E1F-93E4-9A5068308212}.Debug|x64.Build.0 = Debug|Any CPU
		{8FA4DAA2-6CE5-4E1F-93E4-9A5068308212}.Debug|x86.ActiveCfg = Debug|Any CPU
		{8FA4DAA2-6CE5-4E1F-93E4-9A5068308212}.Debug|x86.Build.0 = Debug|Any CPU
		{8FA4DAA2-6CE5-4E1F-93E4-9A5068308212}.Release|Any CPU.ActiveCfg = Release|Any CPU
		{8FA4DAA2-6CE5-4E1F-93E4-9A5068308212}.Release|Any CPU.Build.0 = Release|Any CPU
		{8FA4DAA2-6CE5-4E1F-93E4-9A5068308212}.Release|x64.ActiveCfg = Release|Any CPU
		{8FA4DAA2-6CE5-4E1F-93E4-9A5068308212}.Release|x64.Build.0 = Release|Any CPU
		{8FA4DAA2-6CE5-4E1F-93E4-9A5068308212}.Release|x86.ActiveCfg = Release|Any CPU
		{8FA4DAA2-6CE5-4E1F-93E4-9A5068308212}.Release|x86.Build.0 = Release|Any CPU
		{33292CF3-D5BF-442D-96F8-CC7C661B519E}.Debug|Any CPU.ActiveCfg = Debug|Any CPU
		{33292CF3-D5BF-442D-96F8-CC7C661B519E}.Debug|Any CPU.Build.0 = Debug|Any CPU
		{33292CF3-D5BF-442D-96F8-CC7C661B519E}.Debug|x64.ActiveCfg = Debug|Any CPU
		{33292CF3-D5BF-442D-96F8-CC7C661B519E}.Debug|x64.Build.0 = Debug|Any CPU
		{33292CF3-D5BF-442D-96F8-CC7C661B519E}.Debug|x86.ActiveCfg = Debug|Any CPU
		{33292CF3-D5BF-442D-96F8-CC7C661B519E}.Debug|x86.Build.0 = Debug|Any CPU
		{33292CF3-D5BF-442D-96F8-CC7C661B519E}.Release|Any CPU.ActiveCfg = Release|Any CPU
		{33292CF3-D5BF-442D-96F8-CC7C661B519E}.Release|Any CPU.Build.0 = Release|Any CPU
		{33292CF3-D5BF-442D-96F8-CC7C661B519E}.Release|x64.ActiveCfg = Release|Any CPU
		{33292CF3-D5BF-442D-96F8-CC7C661B519E}.Release|x64.Build.0 = Release|Any CPU
		{33292CF3-D5BF-442D-96F8-CC7C661B519E}.Release|x86.ActiveCfg = Release|Any CPU
		{33292CF3-D5BF-442D-96F8-CC7C661B519E}.Release|x86.Build.0 = Release|Any CPU
		{8112F489-3F00-45C7-BBF5-FD692F2880FD}.Debug|Any CPU.ActiveCfg = Debug|Any CPU
		{8112F489-3F00-45C7-BBF5-FD692F2880FD}.Debug|Any CPU.Build.0 = Debug|Any CPU
		{8112F489-3F00-45C7-BBF5-FD692F2880FD}.Debug|x64.ActiveCfg = Debug|Any CPU
		{8112F489-3F00-45C7-BBF5-FD692F2880FD}.Debug|x64.Build.0 = Debug|Any CPU
		{8112F489-3F00-45C7-BBF5-FD692F2880FD}.Debug|x86.ActiveCfg = Debug|Any CPU
		{8112F489-3F00-45C7-BBF5-FD692F2880FD}.Debug|x86.Build.0 = Debug|Any CPU
		{8112F489-3F00-45C7-BBF5-FD692F2880FD}.Release|Any CPU.ActiveCfg = Release|Any CPU
		{8112F489-3F00-45C7-BBF5-FD692F2880FD}.Release|Any CPU.Build.0 = Release|Any CPU
		{8112F489-3F00-45C7-BBF5-FD692F2880FD}.Release|x64.ActiveCfg = Release|Any CPU
		{8112F489-3F00-45C7-BBF5-FD692F2880FD}.Release|x64.Build.0 = Release|Any CPU
		{8112F489-3F00-45C7-BBF5-FD692F2880FD}.Release|x86.ActiveCfg = Release|Any CPU
		{8112F489-3F00-45C7-BBF5-FD692F2880FD}.Release|x86.Build.0 = Release|Any CPU
		{4326860B-373B-4630-BD07-8AF85DF16CA0}.Debug|Any CPU.ActiveCfg = Debug|Any CPU
		{4326860B-373B-4630-BD07-8AF85DF16CA0}.Debug|Any CPU.Build.0 = Debug|Any CPU
		{4326860B-373B-4630-BD07-8AF85DF16CA0}.Debug|x64.ActiveCfg = Debug|Any CPU
		{4326860B-373B-4630-BD07-8AF85DF16CA0}.Debug|x64.Build.0 = Debug|Any CPU
		{4326860B-373B-4630-BD07-8AF85DF16CA0}.Debug|x86.ActiveCfg = Debug|Any CPU
		{4326860B-373B-4630-BD07-8AF85DF16CA0}.Debug|x86.Build.0 = Debug|Any CPU
		{4326860B-373B-4630-BD07-8AF85DF16CA0}.Release|Any CPU.ActiveCfg = Release|Any CPU
		{4326860B-373B-4630-BD07-8AF85DF16CA0}.Release|Any CPU.Build.0 = Release|Any CPU
		{4326860B-373B-4630-BD07-8AF85DF16CA0}.Release|x64.ActiveCfg = Release|Any CPU
		{4326860B-373B-4630-BD07-8AF85DF16CA0}.Release|x64.Build.0 = Release|Any CPU
		{4326860B-373B-4630-BD07-8AF85DF16CA0}.Release|x86.ActiveCfg = Release|Any CPU
		{4326860B-373B-4630-BD07-8AF85DF16CA0}.Release|x86.Build.0 = Release|Any CPU
		{05FA1C81-A14A-4441-BE2E-CF27B14974BB}.Debug|Any CPU.ActiveCfg = Debug|Any CPU
		{05FA1C81-A14A-4441-BE2E-CF27B14974BB}.Debug|Any CPU.Build.0 = Debug|Any CPU
		{05FA1C81-A14A-4441-BE2E-CF27B14974BB}.Debug|x64.ActiveCfg = Debug|Any CPU
		{05FA1C81-A14A-4441-BE2E-CF27B14974BB}.Debug|x64.Build.0 = Debug|Any CPU
		{05FA1C81-A14A-4441-BE2E-CF27B14974BB}.Debug|x86.ActiveCfg = Debug|Any CPU
		{05FA1C81-A14A-4441-BE2E-CF27B14974BB}.Debug|x86.Build.0 = Debug|Any CPU
		{05FA1C81-A14A-4441-BE2E-CF27B14974BB}.Release|Any CPU.ActiveCfg = Release|Any CPU
		{05FA1C81-A14A-4441-BE2E-CF27B14974BB}.Release|Any CPU.Build.0 = Release|Any CPU
		{05FA1C81-A14A-4441-BE2E-CF27B14974BB}.Release|x64.ActiveCfg = Release|Any CPU
		{05FA1C81-A14A-4441-BE2E-CF27B14974BB}.Release|x64.Build.0 = Release|Any CPU
		{05FA1C81-A14A-4441-BE2E-CF27B14974BB}.Release|x86.ActiveCfg = Release|Any CPU
		{05FA1C81-A14A-4441-BE2E-CF27B14974BB}.Release|x86.Build.0 = Release|Any CPU
		{EA62257D-DC33-4E4A-B34E-06E2695A9381}.Debug|Any CPU.ActiveCfg = Debug|Any CPU
		{EA62257D-DC33-4E4A-B34E-06E2695A9381}.Debug|Any CPU.Build.0 = Debug|Any CPU
		{EA62257D-DC33-4E4A-B34E-06E2695A9381}.Debug|x64.ActiveCfg = Debug|Any CPU
		{EA62257D-DC33-4E4A-B34E-06E2695A9381}.Debug|x64.Build.0 = Debug|Any CPU
		{EA62257D-DC33-4E4A-B34E-06E2695A9381}.Debug|x86.ActiveCfg = Debug|Any CPU
		{EA62257D-DC33-4E4A-B34E-06E2695A9381}.Debug|x86.Build.0 = Debug|Any CPU
		{EA62257D-DC33-4E4A-B34E-06E2695A9381}.Release|Any CPU.ActiveCfg = Release|Any CPU
		{EA62257D-DC33-4E4A-B34E-06E2695A9381}.Release|Any CPU.Build.0 = Release|Any CPU
		{EA62257D-DC33-4E4A-B34E-06E2695A9381}.Release|x64.ActiveCfg = Release|Any CPU
		{EA62257D-DC33-4E4A-B34E-06E2695A9381}.Release|x64.Build.0 = Release|Any CPU
		{EA62257D-DC33-4E4A-B34E-06E2695A9381}.Release|x86.ActiveCfg = Release|Any CPU
		{EA62257D-DC33-4E4A-B34E-06E2695A9381}.Release|x86.Build.0 = Release|Any CPU
		{D5D0A279-5390-49BC-B3EB-10C3F006E3A0}.Debug|Any CPU.ActiveCfg = Debug|Win32
		{D5D0A279-5390-49BC-B3EB-10C3F006E3A0}.Debug|x64.ActiveCfg = Debug|x64
		{D5D0A279-5390-49BC-B3EB-10C3F006E3A0}.Debug|x64.Build.0 = Debug|x64
		{D5D0A279-5390-49BC-B3EB-10C3F006E3A0}.Debug|x86.ActiveCfg = Debug|Win32
		{D5D0A279-5390-49BC-B3EB-10C3F006E3A0}.Debug|x86.Build.0 = Debug|Win32
		{D5D0A279-5390-49BC-B3EB-10C3F006E3A0}.Release|Any CPU.ActiveCfg = Release|Win32
		{D5D0A279-5390-49BC-B3EB-10C3F006E3A0}.Release|x64.ActiveCfg = Release|x64
		{D5D0A279-5390-49BC-B3EB-10C3F006E3A0}.Release|x64.Build.0 = Release|x64
		{D5D0A279-5390-49BC-B3EB-10C3F006E3A0}.Release|x86.ActiveCfg = Release|Win32
		{D5D0A279-5390-49BC-B3EB-10C3F006E3A0}.Release|x86.Build.0 = Release|Win32
	EndGlobalSection
	GlobalSection(SolutionProperties) = preSolution
		HideSolutionNode = FALSE
	EndGlobalSection
	GlobalSection(ExtensibilityGlobals) = postSolution
		SolutionGuid = {01F90D33-6A68-478A-8654-9F4C38533580}
	EndGlobalSection
EndGlobal
