
Microsoft Visual Studio Solution File, Format Version 12.00
# Visual Studio Version 16
VisualStudioVersion = 16.0.29926.136
MinimumVisualStudioVersion = 10.0.40219.1
Project("{9A19103F-16F7-4668-BE54-9A1E7A4F7556}") = "DesignPattern", "DesignPattern\DesignPattern.csproj", "{8FA4DAA2-6CE5-4E1F-93E4-9A5068308212}"
EndProject
Project("{9A19103F-16F7-4668-BE54-9A1E7A4F7556}") = "DesignPatter2", "DesignPatter2\DesignPatter2.csproj", "{33292CF3-D5BF-442D-96F8-CC7C661B519E}"
EndProject
Project("{9A19103F-16F7-4668-BE54-9A1E7A4F7556}") = "DesignPattern3", "DesignPattern3\DesignPattern3.csproj", "{8112F489-3F00-45C7-BBF5-FD692F2880FD}"
EndProject
Project("{9A19103F-16F7-4668-BE54-9A1E7A4F7556}") = "DesignPattern4", "DesignPattern4\DesignPattern4.csproj", "{4326860B-373B-4630-BD07-8AF85DF16CA0}"
EndProject
Project("{FAE04EC0-301F-11D3-BF4B-00C04F79EFBC}") = "DesignPattern5", "DesignPattern5\DesignPattern5.csproj", "{05FA1C81-A14A-4441-BE2E-CF27B14974BB}"
EndProject
Global
	GlobalSection(SolutionConfigurationPlatforms) = preSolution
		Debug|Any CPU = Debug|Any CPU
		Release|Any CPU = Release|Any CPU
	EndGlobalSection
	GlobalSection(ProjectConfigurationPlatforms) = postSolution
		{8FA4DAA2-6CE5-4E1F-93E4-9A5068308212}.Debug|Any CPU.ActiveCfg = Debug|Any CPU
		{8FA4DAA2-6CE5-4E1F-93E4-9A5068308212}.Debug|Any CPU.Build.0 = Debug|Any CPU
		{8FA4DAA2-6CE5-4E1F-93E4-9A5068308212}.Release|Any CPU.ActiveCfg = Release|Any CPU
		{8FA4DAA2-6CE5-4E1F-93E4-9A5068308212}.Release|Any CPU.Build.0 = Release|Any CPU
		{33292CF3-D5BF-442D-96F8-CC7C661B519E}.Debug|Any CPU.ActiveCfg = Debug|Any CPU
		{33292CF3-D5BF-442D-96F8-CC7C661B519E}.Debug|Any CPU.Build.0 = Debug|Any CPU
		{33292CF3-D5BF-442D-96F8-CC7C661B519E}.Release|Any CPU.ActiveCfg = Release|Any CPU
		{33292CF3-D5BF-442D-96F8-CC7C661B519E}.Release|Any CPU.Build.0 = Release|Any CPU
		{8112F489-3F00-45C7-BBF5-FD692F2880FD}.Debug|Any CPU.ActiveCfg = Debug|Any CPU
		{8112F489-3F00-45C7-BBF5-FD692F2880FD}.Debug|Any CPU.Build.0 = Debug|Any CPU
		{8112F489-3F00-45C7-BBF5-FD692F2880FD}.Release|Any CPU.ActiveCfg = Release|Any CPU
		{8112F489-3F00-45C7-BBF5-FD692F2880FD}.Release|Any CPU.Build.0 = Release|Any CPU
		{4326860B-373B-4630-BD07-8AF85DF16CA0}.Debug|Any CPU.ActiveCfg = Debug|Any CPU
		{4326860B-373B-4630-BD07-8AF85DF16CA0}.Debug|Any CPU.Build.0 = Debug|Any CPU
		{4326860B-373B-4630-BD07-8AF85DF16CA0}.Release|Any CPU.ActiveCfg = Release|Any CPU
		{4326860B-373B-4630-BD07-8AF85DF16CA0}.Release|Any CPU.Build.0 = Release|Any CPU
		{05FA1C81-A14A-4441-BE2E-CF27B14974BB}.Debug|Any CPU.ActiveCfg = Debug|Any CPU
		{05FA1C81-A14A-4441-BE2E-CF27B14974BB}.Debug|Any CPU.Build.0 = Debug|Any CPU
		{05FA1C81-A14A-4441-BE2E-CF27B14974BB}.Release|Any CPU.ActiveCfg = Release|Any CPU
		{05FA1C81-A14A-4441-BE2E-CF27B14974BB}.Release|Any CPU.Build.0 = Release|Any CPU
	EndGlobalSection
	GlobalSection(SolutionProperties) = preSolution
		HideSolutionNode = FALSE
	EndGlobalSection
	GlobalSection(ExtensibilityGlobals) = postSolution
		SolutionGuid = {01F90D33-6A68-478A-8654-9F4C38533580}
	EndGlobalSection
EndGlobal
